
Microsoft Visual Studio Solution File, Format Version 12.00
# Visual Studio Version 17
VisualStudioVersion = 17.13.35931.197 d17.13
MinimumVisualStudioVersion = 10.0.40219.1
Project("{FAE04EC0-301F-11D3-BF4B-00C04F79EFBC}") = "Robot Factory", "Robot Factory\Robot Factory.csproj", "{F82A736A-4EFB-4995-B3AC-DB9FA8C5DC38}"
EndProject
Global
	GlobalSection(SolutionConfigurationPlatforms) = preSolution
		Debug|Any CPU = Debug|Any CPU
		Release|Any CPU = Release|Any CPU
	EndGlobalSection
	GlobalSection(ProjectConfigurationPlatforms) = postSolution
		{F82A736A-4EFB-4995-B3AC-DB9FA8C5DC38}.Debug|Any CPU.ActiveCfg = Debug|Any CPU
		{F82A736A-4EFB-4995-B3AC-DB9FA8C5DC38}.Debug|Any CPU.Build.0 = Debug|Any CPU
		{F82A736A-4EFB-4995-B3AC-DB9FA8C5DC38}.Release|Any CPU.ActiveCfg = Release|Any CPU
		{F82A736A-4EFB-4995-B3AC-DB9FA8C5DC38}.Release|Any CPU.Build.0 = Release|Any CPU
	EndGlobalSection
	GlobalSection(SolutionProperties) = preSolution
		HideSolutionNode = FALSE
	EndGlobalSection
	GlobalSection(ExtensibilityGlobals) = postSolution
		SolutionGuid = {6EB423AB-C6A8-4ABE-9EEA-18EFA31768B6}
	EndGlobalSection
EndGlobal
